
Microsoft Visual Studio Solution File, Format Version 12.00
# Visual Studio Version 17
VisualStudioVersion = 17.4.33213.308
MinimumVisualStudioVersion = 10.0.40219.1
Project("{FAE04EC0-301F-11D3-BF4B-00C04F79EFBC}") = "Animals", "Animals\Animals.csproj", "{186EA342-C94E-4F41-84C0-E331B6B309E0}"
EndProject
Global
	GlobalSection(SolutionConfigurationPlatforms) = preSolution
		Debug|Any CPU = Debug|Any CPU
		Release|Any CPU = Release|Any CPU
	EndGlobalSection
	GlobalSection(ProjectConfigurationPlatforms) = postSolution
		{186EA342-C94E-4F41-84C0-E331B6B309E0}.Debug|Any CPU.ActiveCfg = Debug|Any CPU
		{186EA342-C94E-4F41-84C0-E331B6B309E0}.Debug|Any CPU.Build.0 = Debug|Any CPU
		{186EA342-C94E-4F41-84C0-E331B6B309E0}.Release|Any CPU.ActiveCfg = Release|Any CPU
		{186EA342-C94E-4F41-84C0-E331B6B309E0}.Release|Any CPU.Build.0 = Release|Any CPU
	EndGlobalSection
	GlobalSection(SolutionProperties) = preSolution
		HideSolutionNode = FALSE
	EndGlobalSection
	GlobalSection(ExtensibilityGlobals) = postSolution
		SolutionGuid = {F4165188-0492-4CAD-A04E-525ABA2F5539}
	EndGlobalSection
EndGlobal
